// !$*UTF8*$!
{
	archiveVersion = 1;
	classes = {
	};
	objectVersion = 55;
	objects = {

/* Begin PBXBuildFile section */
		1127DEA32837FFA2003E35B6 /* AppDelegate.swift in Sources */ = {isa = PBXBuildFile; fileRef = 1127DEA22837FFA2003E35B6 /* AppDelegate.swift */; };
		1127DEA52837FFA2003E35B6 /* SceneDelegate.swift in Sources */ = {isa = PBXBuildFile; fileRef = 1127DEA42837FFA2003E35B6 /* SceneDelegate.swift */; };
		1127DEA72837FFA2003E35B6 /* ViewController.swift in Sources */ = {isa = PBXBuildFile; fileRef = 1127DEA62837FFA2003E35B6 /* ViewController.swift */; };
		1127DEAA2837FFA2003E35B6 /* Main.storyboard in Resources */ = {isa = PBXBuildFile; fileRef = 1127DEA82837FFA2003E35B6 /* Main.storyboard */; };
		1127DEAC2837FFA3003E35B6 /* Assets.xcassets in Resources */ = {isa = PBXBuildFile; fileRef = 1127DEAB2837FFA3003E35B6 /* Assets.xcassets */; };
		1127DEAF2837FFA3003E35B6 /* LaunchScreen.storyboard in Resources */ = {isa = PBXBuildFile; fileRef = 1127DEAD2837FFA3003E35B6 /* LaunchScreen.storyboard */; };
		1127DEB8283800E2003E35B6 /* TaskCell.swift in Sources */ = {isa = PBXBuildFile; fileRef = 1127DEB7283800E2003E35B6 /* TaskCell.swift */; };
		1127DEBB2838018A003E35B6 /* Task.swift in Sources */ = {isa = PBXBuildFile; fileRef = 1127DEBA2838018A003E35B6 /* Task.swift */; };
		1127DEBD283802E8003E35B6 /* TaskStorage.swift in Sources */ = {isa = PBXBuildFile; fileRef = 1127DEBC283802E8003E35B6 /* TaskStorage.swift */; };
/* End PBXBuildFile section */

/* Begin PBXFileReference section */
		1127DE9F2837FFA2003E35B6 /* ToDoManager__PRACTICE.app */ = {isa = PBXFileReference; explicitFileType = wrapper.application; includeInIndex = 0; path = ToDoManager__PRACTICE.app; sourceTree = BUILT_PRODUCTS_DIR; };
		1127DEA22837FFA2003E35B6 /* AppDelegate.swift */ = {isa = PBXFileReference; lastKnownFileType = sourcecode.swift; path = AppDelegate.swift; sourceTree = "<group>"; };
		1127DEA42837FFA2003E35B6 /* SceneDelegate.swift */ = {isa = PBXFileReference; lastKnownFileType = sourcecode.swift; path = SceneDelegate.swift; sourceTree = "<group>"; };
		1127DEA62837FFA2003E35B6 /* ViewController.swift */ = {isa = PBXFileReference; lastKnownFileType = sourcecode.swift; path = ViewController.swift; sourceTree = "<group>"; };
		1127DEA92837FFA2003E35B6 /* Base */ = {isa = PBXFileReference; lastKnownFileType = file.storyboard; name = Base; path = Base.lproj/Main.storyboard; sourceTree = "<group>"; };
		1127DEAB2837FFA3003E35B6 /* Assets.xcassets */ = {isa = PBXFileReference; lastKnownFileType = folder.assetcatalog; path = Assets.xcassets; sourceTree = "<group>"; };
		1127DEAE2837FFA3003E35B6 /* Base */ = {isa = PBXFileReference; lastKnownFileType = file.storyboard; name = Base; path = Base.lproj/LaunchScreen.storyboard; sourceTree = "<group>"; };
		1127DEB02837FFA3003E35B6 /* Info.plist */ = {isa = PBXFileReference; lastKnownFileType = text.plist.xml; path = Info.plist; sourceTree = "<group>"; };
		1127DEB7283800E2003E35B6 /* TaskCell.swift */ = {isa = PBXFileReference; lastKnownFileType = sourcecode.swift; path = TaskCell.swift; sourceTree = "<group>"; };
		1127DEBA2838018A003E35B6 /* Task.swift */ = {isa = PBXFileReference; lastKnownFileType = sourcecode.swift; path = Task.swift; sourceTree = "<group>"; };
		1127DEBC283802E8003E35B6 /* TaskStorage.swift */ = {isa = PBXFileReference; lastKnownFileType = sourcecode.swift; path = TaskStorage.swift; sourceTree = "<group>"; };
/* End PBXFileReference section */

/* Begin PBXFrameworksBuildPhase section */
		1127DE9C2837FFA2003E35B6 /* Frameworks */ = {
			isa = PBXFrameworksBuildPhase;
			buildActionMask = 2147483647;
			files = (
			);
			runOnlyForDeploymentPostprocessing = 0;
		};
/* End PBXFrameworksBuildPhase section */

/* Begin PBXGroup section */
		1127DE962837FFA2003E35B6 = {
			isa = PBXGroup;
			children = (
				1127DEA12837FFA2003E35B6 /* ToDoManager__PRACTICE */,
				1127DEA02837FFA2003E35B6 /* Products */,
			);
			sourceTree = "<group>";
		};
		1127DEA02837FFA2003E35B6 /* Products */ = {
			isa = PBXGroup;
			children = (
				1127DE9F2837FFA2003E35B6 /* ToDoManager__PRACTICE.app */,
			);
			name = Products;
			sourceTree = "<group>";
		};
		1127DEA12837FFA2003E35B6 /* ToDoManager__PRACTICE */ = {
			isa = PBXGroup;
			children = (
				1127DEB92838017F003E35B6 /* Model */,
				1127DEB6283800C4003E35B6 /* TaskCellClass */,
				1127DEA22837FFA2003E35B6 /* AppDelegate.swift */,
				1127DEA42837FFA2003E35B6 /* SceneDelegate.swift */,
				1127DEA62837FFA2003E35B6 /* ViewController.swift */,
				1127DEA82837FFA2003E35B6 /* Main.storyboard */,
				1127DEAB2837FFA3003E35B6 /* Assets.xcassets */,
				1127DEAD2837FFA3003E35B6 /* LaunchScreen.storyboard */,
				1127DEB02837FFA3003E35B6 /* Info.plist */,
			);
			path = ToDoManager__PRACTICE;
			sourceTree = "<group>";
		};
		1127DEB6283800C4003E35B6 /* TaskCellClass */ = {
			isa = PBXGroup;
			children = (
				1127DEB7283800E2003E35B6 /* TaskCell.swift */,
			);
			path = TaskCellClass;
			sourceTree = "<group>";
		};
		1127DEB92838017F003E35B6 /* Model */ = {
			isa = PBXGroup;
			children = (
				1127DEBA2838018A003E35B6 /* Task.swift */,
				1127DEBC283802E8003E35B6 /* TaskStorage.swift */,
			);
			path = Model;
			sourceTree = "<group>";
		};
/* End PBXGroup section */

/* Begin PBXNativeTarget section */
		1127DE9E2837FFA2003E35B6 /* ToDoManager__PRACTICE */ = {
			isa = PBXNativeTarget;
			buildConfigurationList = 1127DEB32837FFA3003E35B6 /* Build configuration list for PBXNativeTarget "ToDoManager__PRACTICE" */;
			buildPhases = (
				1127DE9B2837FFA2003E35B6 /* Sources */,
				1127DE9C2837FFA2003E35B6 /* Frameworks */,
				1127DE9D2837FFA2003E35B6 /* Resources */,
			);
			buildRules = (
			);
			dependencies = (
			);
			name = ToDoManager__PRACTICE;
			productName = ToDoManager__PRACTICE;
			productReference = 1127DE9F2837FFA2003E35B6 /* ToDoManager__PRACTICE.app */;
			productType = "com.apple.product-type.application";
		};
/* End PBXNativeTarget section */

/* Begin PBXProject section */
		1127DE972837FFA2003E35B6 /* Project object */ = {
			isa = PBXProject;
			attributes = {
				BuildIndependentTargetsInParallel = 1;
				LastSwiftUpdateCheck = 1320;
				LastUpgradeCheck = 1320;
				TargetAttributes = {
					1127DE9E2837FFA2003E35B6 = {
						CreatedOnToolsVersion = 13.2;
					};
				};
			};
			buildConfigurationList = 1127DE9A2837FFA2003E35B6 /* Build configuration list for PBXProject "ToDoManager__PRACTICE" */;
			compatibilityVersion = "Xcode 13.0";
			developmentRegion = en;
			hasScannedForEncodings = 0;
			knownRegions = (
				en,
				Base,
			);
			mainGroup = 1127DE962837FFA2003E35B6;
			productRefGroup = 1127DEA02837FFA2003E35B6 /* Products */;
			projectDirPath = "";
			projectRoot = "";
			targets = (
				1127DE9E2837FFA2003E35B6 /* ToDoManager__PRACTICE */,
			);
		};
/* End PBXProject section */

/* Begin PBXResourcesBuildPhase section */
		1127DE9D2837FFA2003E35B6 /* Resources */ = {
			isa = PBXResourcesBuildPhase;
			buildActionMask = 2147483647;
			files = (
				1127DEAF2837FFA3003E35B6 /* LaunchScreen.storyboard in Resources */,
				1127DEAC2837FFA3003E35B6 /* Assets.xcassets in Resources */,
				1127DEAA2837FFA2003E35B6 /* Main.storyboard in Resources */,
			);
			runOnlyForDeploymentPostprocessing = 0;
		};
/* End PBXResourcesBuildPhase section */

/* Begin PBXSourcesBuildPhase section */
		1127DE9B2837FFA2003E35B6 /* Sources */ = {
			isa = PBXSourcesBuildPhase;
			buildActionMask = 2147483647;
			files = (
				1127DEB8283800E2003E35B6 /* TaskCell.swift in Sources */,
				1127DEA72837FFA2003E35B6 /* ViewController.swift in Sources */,
				1127DEBD283802E8003E35B6 /* TaskStorage.swift in Sources */,
				1127DEBB2838018A003E35B6 /* Task.swift in Sources */,
				1127DEA32837FFA2003E35B6 /* AppDelegate.swift in Sources */,
				1127DEA52837FFA2003E35B6 /* SceneDelegate.swift in Sources */,
			);
			runOnlyForDeploymentPostprocessing = 0;
		};
/* End PBXSourcesBuildPhase section */

/* Begin PBXVariantGroup section */
		1127DEA82837FFA2003E35B6 /* Main.storyboard */ = {
			isa = PBXVariantGroup;
			children = (
				1127DEA92837FFA2003E35B6 /* Base */,
			);
			name = Main.storyboard;
			sourceTree = "<group>";
		};
		1127DEAD2837FFA3003E35B6 /* LaunchScreen.storyboard */ = {
			isa = PBXVariantGroup;
			children = (
				1127DEAE2837FFA3003E35B6 /* Base */,
			);
			name = LaunchScreen.storyboard;
			sourceTree = "<group>";
		};
/* End PBXVariantGroup section */

/* Begin XCBuildConfiguration section */
		1127DEB12837FFA3003E35B6 /* Debug */ = {
			isa = XCBuildConfiguration;
			buildSettings = {
				ALWAYS_SEARCH_USER_PATHS = NO;
				CLANG_ANALYZER_NONNULL = YES;
				CLANG_ANALYZER_NUMBER_OBJECT_CONVERSION = YES_AGGRESSIVE;
				CLANG_CXX_LANGUAGE_STANDARD = "gnu++17";
				CLANG_CXX_LIBRARY = "libc++";
				CLANG_ENABLE_MODULES = YES;
				CLANG_ENABLE_OBJC_ARC = YES;
				CLANG_ENABLE_OBJC_WEAK = YES;
				CLANG_WARN_BLOCK_CAPTURE_AUTORELEASING = YES;
				CLANG_WARN_BOOL_CONVERSION = YES;
				CLANG_WARN_COMMA = YES;
				CLANG_WARN_CONSTANT_CONVERSION = YES;
				CLANG_WARN_DEPRECATED_OBJC_IMPLEMENTATIONS = YES;
				CLANG_WARN_DIRECT_OBJC_ISA_USAGE = YES_ERROR;
				CLANG_WARN_DOCUMENTATION_COMMENTS = YES;
				CLANG_WARN_EMPTY_BODY = YES;
				CLANG_WARN_ENUM_CONVERSION = YES;
				CLANG_WARN_INFINITE_RECURSION = YES;
				CLANG_WARN_INT_CONVERSION = YES;
				CLANG_WARN_NON_LITERAL_NULL_CONVERSION = YES;
				CLANG_WARN_OBJC_IMPLICIT_RETAIN_SELF = YES;
				CLANG_WARN_OBJC_LITERAL_CONVERSION = YES;
				CLANG_WARN_OBJC_ROOT_CLASS = YES_ERROR;
				CLANG_WARN_QUOTED_INCLUDE_IN_FRAMEWORK_HEADER = YES;
				CLANG_WARN_RANGE_LOOP_ANALYSIS = YES;
				CLANG_WARN_STRICT_PROTOTYPES = YES;
				CLANG_WARN_SUSPICIOUS_MOVE = YES;
				CLANG_WARN_UNGUARDED_AVAILABILITY = YES_AGGRESSIVE;
				CLANG_WARN_UNREACHABLE_CODE = YES;
				CLANG_WARN__DUPLICATE_METHOD_MATCH = YES;
				COPY_PHASE_STRIP = NO;
				DEBUG_INFORMATION_FORMAT = dwarf;
				ENABLE_STRICT_OBJC_MSGSEND = YES;
				ENABLE_TESTABILITY = YES;
				GCC_C_LANGUAGE_STANDARD = gnu11;
				GCC_DYNAMIC_NO_PIC = NO;
				GCC_NO_COMMON_BLOCKS = YES;
				GCC_OPTIMIZATION_LEVEL = 0;
				GCC_PREPROCESSOR_DEFINITIONS = (
					"DEBUG=1",
					"$(inherited)",
				);
				GCC_WARN_64_TO_32_BIT_CONVERSION = YES;
				GCC_WARN_ABOUT_RETURN_TYPE = YES_ERROR;
				GCC_WARN_UNDECLARED_SELECTOR = YES;
				GCC_WARN_UNINITIALIZED_AUTOS = YES_AGGRESSIVE;
				GCC_WARN_UNUSED_FUNCTION = YES;
				GCC_WARN_UNUSED_VARIABLE = YES;
				IPHONEOS_DEPLOYMENT_TARGET = 15.2;
				MTL_ENABLE_DEBUG_INFO = INCLUDE_SOURCE;
				MTL_FAST_MATH = YES;
				ONLY_ACTIVE_ARCH = YES;
				SDKROOT = iphoneos;
				SWIFT_ACTIVE_COMPILATION_CONDITIONS = DEBUG;
				SWIFT_OPTIMIZATION_LEVEL = "-Onone";
			};
			name = Debug;
		};
		1127DEB22837FFA3003E35B6 /* Release */ = {
			isa = XCBuildConfiguration;
			buildSettings = {
				ALWAYS_SEARCH_USER_PATHS = NO;
				CLANG_ANALYZER_NONNULL = YES;
				CLANG_ANALYZER_NUMBER_OBJECT_CONVERSION = YES_AGGRESSIVE;
				CLANG_CXX_LANGUAGE_STANDARD = "gnu++17";
				CLANG_CXX_LIBRARY = "libc++";
				CLANG_ENABLE_MODULES = YES;
				CLANG_ENABLE_OBJC_ARC = YES;
				CLANG_ENABLE_OBJC_WEAK = YES;
				CLANG_WARN_BLOCK_CAPTURE_AUTORELEASING = YES;
				CLANG_WARN_BOOL_CONVERSION = YES;
				CLANG_WARN_COMMA = YES;
				CLANG_WARN_CONSTANT_CONVERSION = YES;
				CLANG_WARN_DEPRECATED_OBJC_IMPLEMENTATIONS = YES;
				CLANG_WARN_DIRECT_OBJC_ISA_USAGE = YES_ERROR;
				CLANG_WARN_DOCUMENTATION_COMMENTS = YES;
				CLANG_WARN_EMPTY_BODY = YES;
				CLANG_WARN_ENUM_CONVERSION = YES;
				CLANG_WARN_INFINITE_RECURSION = YES;
				CLANG_WARN_INT_CONVERSION = YES;
				CLANG_WARN_NON_LITERAL_NULL_CONVERSION = YES;
				CLANG_WARN_OBJC_IMPLICIT_RETAIN_SELF = YES;
				CLANG_WARN_OBJC_LITERAL_CONVERSION = YES;
				CLANG_WARN_OBJC_ROOT_CLASS = YES_ERROR;
				CLANG_WARN_QUOTED_INCLUDE_IN_FRAMEWORK_HEADER = YES;
				CLANG_WARN_RANGE_LOOP_ANALYSIS = YES;
				CLANG_WARN_STRICT_PROTOTYPES = YES;
				CLANG_WARN_SUSPICIOUS_MOVE = YES;
				CLANG_WARN_UNGUARDED_AVAILABILITY = YES_AGGRESSIVE;
				CLANG_WARN_UNREACHABLE_CODE = YES;
				CLANG_WARN__DUPLICATE_METHOD_MATCH = YES;
				COPY_PHASE_STRIP = NO;
				DEBUG_INFORMATION_FORMAT = "dwarf-with-dsym";
				ENABLE_NS_ASSERTIONS = NO;
				ENABLE_STRICT_OBJC_MSGSEND = YES;
				GCC_C_LANGUAGE_STANDARD = gnu11;
				GCC_NO_COMMON_BLOCKS = YES;
				GCC_WARN_64_TO_32_BIT_CONVERSION = YES;
				GCC_WARN_ABOUT_RETURN_TYPE = YES_ERROR;
				GCC_WARN_UNDECLARED_SELECTOR = YES;
				GCC_WARN_UNINITIALIZED_AUTOS = YES_AGGRESSIVE;
				GCC_WARN_UNUSED_FUNCTION = YES;
				GCC_WARN_UNUSED_VARIABLE = YES;
				IPHONEOS_DEPLOYMENT_TARGET = 15.2;
				MTL_ENABLE_DEBUG_INFO = NO;
				MTL_FAST_MATH = YES;
				SDKROOT = iphoneos;
				SWIFT_COMPILATION_MODE = wholemodule;
				SWIFT_OPTIMIZATION_LEVEL = "-O";
				VALIDATE_PRODUCT = YES;
			};
			name = Release;
		};
		1127DEB42837FFA3003E35B6 /* Debug */ = {
			isa = XCBuildConfiguration;
			buildSettings = {
				ASSETCATALOG_COMPILER_APPICON_NAME = AppIcon;
				ASSETCATALOG_COMPILER_GLOBAL_ACCENT_COLOR_NAME = AccentColor;
				CODE_SIGN_STYLE = Automatic;
				CURRENT_PROJECT_VERSION = 1;
				DEVELOPMENT_TEAM = KS74W7M7ZU;
				GENERATE_INFOPLIST_FILE = YES;
				INFOPLIST_FILE = ToDoManager__PRACTICE/Info.plist;
				INFOPLIST_KEY_UIApplicationSupportsIndirectInputEvents = YES;
				INFOPLIST_KEY_UILaunchStoryboardName = LaunchScreen;
				INFOPLIST_KEY_UIMainStoryboardFile = Main;
				INFOPLIST_KEY_UISupportedInterfaceOrientations_iPad = "UIInterfaceOrientationPortrait UIInterfaceOrientationPortraitUpsideDown UIInterfaceOrientationLandscapeLeft UIInterfaceOrientationLandscapeRight";
				INFOPLIST_KEY_UISupportedInterfaceOrientations_iPhone = "UIInterfaceOrientationPortrait UIInterfaceOrientationLandscapeLeft UIInterfaceOrientationLandscapeRight";
				LD_RUNPATH_SEARCH_PATHS = (
					"$(inherited)",
					"@executable_path/Frameworks",
				);
				MARKETING_VERSION = 1.0;
				PRODUCT_BUNDLE_IDENTIFIER = "nktshklv.ToDoManager--PRACTICE";
				PRODUCT_NAME = "$(TARGET_NAME)";
				SWIFT_EMIT_LOC_STRINGS = YES;
				SWIFT_VERSION = 5.0;
				TARGETED_DEVICE_FAMILY = "1,2";
			};
			name = Debug;
		};
		1127DEB52837FFA3003E35B6 /* Release */ = {
			isa = XCBuildConfiguration;
			buildSettings = {
				ASSETCATALOG_COMPILER_APPICON_NAME = AppIcon;
				ASSETCATALOG_COMPILER_GLOBAL_ACCENT_COLOR_NAME = AccentColor;
				CODE_SIGN_STYLE = Automatic;
				CURRENT_PROJECT_VERSION = 1;
				DEVELOPMENT_TEAM = KS74W7M7ZU;
				GENERATE_INFOPLIST_FILE = YES;
				INFOPLIST_FILE = ToDoManager__PRACTICE/Info.plist;
				INFOPLIST_KEY_UIApplicationSupportsIndirectInputEvents = YES;
				INFOPLIST_KEY_UILaunchStoryboardName = LaunchScreen;
				INFOPLIST_KEY_UIMainStoryboardFile = Main;
				INFOPLIST_KEY_UISupportedInterfaceOrientations_iPad = "UIInterfaceOrientationPortrait UIInterfaceOrientationPortraitUpsideDown UIInterfaceOrientationLandscapeLeft UIInterfaceOrientationLandscapeRight";
				INFOPLIST_KEY_UISupportedInterfaceOrientations_iPhone = "UIInterfaceOrientationPortrait UIInterfaceOrientationLandscapeLeft UIInterfaceOrientationLandscapeRight";
				LD_RUNPATH_SEARCH_PATHS = (
					"$(inherited)",
					"@executable_path/Frameworks",
				);
				MARKETING_VERSION = 1.0;
				PRODUCT_BUNDLE_IDENTIFIER = "nktshklv.ToDoManager--PRACTICE";
				PRODUCT_NAME = "$(TARGET_NAME)";
				SWIFT_EMIT_LOC_STRINGS = YES;
				SWIFT_VERSION = 5.0;
				TARGETED_DEVICE_FAMILY = "1,2";
			};
			name = Release;
		};
/* End XCBuildConfiguration section */

/* Begin XCConfigurationList section */
		1127DE9A2837FFA2003E35B6 /* Build configuration list for PBXProject "ToDoManager__PRACTICE" */ = {
			isa = XCConfigurationList;
			buildConfigurations = (
				1127DEB12837FFA3003E35B6 /* Debug */,
				1127DEB22837FFA3003E35B6 /* Release */,
			);
			defaultConfigurationIsVisible = 0;
			defaultConfigurationName = Release;
		};
		1127DEB32837FFA3003E35B6 /* Build configuration list for PBXNativeTarget "ToDoManager__PRACTICE" */ = {
			isa = XCConfigurationList;
			buildConfigurations = (
				1127DEB42837FFA3003E35B6 /* Debug */,
				1127DEB52837FFA3003E35B6 /* Release */,
			);
			defaultConfigurationIsVisible = 0;
			defaultConfigurationName = Release;
		};
/* End XCConfigurationList section */
	};
	rootObject = 1127DE972837FFA2003E35B6 /* Project object */;
}
